#MicroXplorer Configuration settings - do not modify
Mcu.Family=STM32F4
NVIC.USART3_IRQn=true\:0\:0\:false\:false\:true\:true\:true
ProjectManager.MainLocation=Src
PC7.GPIOParameters=GPIO_Label
RCC.CortexFreq_Value=16000000
ProjectManager.KeepUserCode=true
Mcu.UserName=STM32F405RGTx
PC10.Locked=true
RCC.PLLCLKFreq_Value=96000000
PC10.Signal=USART3_TX
RCC.PLLQCLKFreq_Value=48000000
PC7.Locked=true
ProjectManager.functionlistsort=1-MX_GPIO_Init-GPIO-false-HAL-true,2-SystemClock_Config-RCC-false-HAL-false,3-MX_TIM3_Init-TIM3-false-HAL-true,4-MX_TIM8_Init-TIM8-false-HAL-true,5-MX_USART1_UART_Init-USART1-false-HAL-true,6-MX_USART3_UART_Init-USART3-false-HAL-true,7-MX_TIM4_Init-TIM4-false-HAL-true
PA9.GPIOParameters=GPIO_Label
PC6.GPIO_Label=Motor_Forward
RCC.RTCFreq_Value=32000
PA3.GPIOParameters=GPIO_Label
PA6.GPIO_Label=US_LF_Receive
PB0.GPIO_Label=US_RF_Receive
USART1.IPParameters=VirtualMode
VP_TIM8_VS_ClockSourceINT.Signal=TIM8_VS_ClockSourceINT
PA2.GPIOParameters=GPIO_Label
PinOutPanel.RotationAngle=0
ProjectManager.StackSize=0x400
Mcu.IP4=TIM3
Mcu.IP5=TIM8
NVIC.SVCall_IRQn=true\:0\:0\:false\:false\:true\:false\:false
Mcu.IP2=SYS
TIM3.Channel-Input_Capture3_from_TI3=TIM_CHANNEL_3
Mcu.IP3=TIM2
Mcu.IP0=NVIC
Mcu.IP1=RCC
USART3.BaudRate=9600
Mcu.UserConstants=
SH.S_TIM3_CH2.ConfNb=1
Mcu.ThirdPartyNb=0
TIM8.Channel-PWM\ Generation1\ CH1=TIM_CHANNEL_1
Mcu.IPNb=8
RCC.I2SClocksFreq_Value=96000000
TIM2.IPParameters=Channel-Input_Capture2_from_TI2,Channel-Input_Capture3_from_TI3,Channel-Input_Capture4_from_TI4,Prescaler,Period
ProjectManager.PreviousToolchain=
TIM3.Period=30000-1
RCC.VcooutputI2S=96000000
TIM2.Channel-Input_Capture3_from_TI3=TIM_CHANNEL_3
PC7.Signal=S_TIM8_CH2
Mcu.Pin6=PC6
Mcu.Pin7=PC7
VP_TIM2_VS_ClockSourceINT.Signal=TIM2_VS_ClockSourceINT
Mcu.Pin8=PA9
Mcu.Pin9=PA10
RCC.AHBFreq_Value=16000000
Mcu.Pin0=PA1
Mcu.Pin1=PA2
TIM8.IPParameters=Channel-PWM Generation1 CH1,Channel-PWM Generation2 CH2,Prescaler,Period
GPIO.groupedBy=
Mcu.Pin2=PA3
Mcu.Pin3=PA6
Mcu.Pin4=PA7
Mcu.Pin5=PB0
ProjectManager.ProjectBuild=false
RCC.HSE_VALUE=25000000
TIM3.Channel-Input_Capture1_from_TI1=TIM_CHANNEL_1
NVIC.UsageFault_IRQn=true\:0\:0\:false\:false\:true\:false\:false
NVIC.DebugMonitor_IRQn=true\:0\:0\:false\:false\:true\:false\:false
NVIC.SysTick_IRQn=true\:0\:0\:false\:false\:true\:false\:true
ProjectManager.FirmwarePackage=STM32Cube FW_F4 V1.25.0
MxDb.Version=DB.5.0.60
PB0.GPIOParameters=GPIO_Label
PA1.GPIOParameters=GPIO_Label
ProjectManager.BackupPrevious=false
RCC.VCOInputFreq_Value=1000000
TIM3.Prescaler=16-1
PC11.GPIO_Label=GPS_RX
NVIC.TIM2_IRQn=true\:0\:0\:false\:false\:true\:true\:true
File.Version=6
PA10.GPIO_Label=Master_RX
PB3.GPIOParameters=GPIO_Label
NVIC.PendSV_IRQn=true\:0\:0\:false\:false\:true\:false\:false
SH.S_TIM3_CH1.0=TIM3_CH1,Input_Capture1_from_TI1
ProjectManager.HalAssertFull=false
PB0.Locked=true
SH.S_TIM8_CH1.ConfNb=1
ProjectManager.ProjectName=VapaaCruiser
Mcu.Package=LQFP64
TIM2.Prescaler=16-1
PA6.Signal=S_TIM3_CH1
PA7.Locked=true
TIM2.Channel-Input_Capture2_from_TI2=TIM_CHANNEL_2
ProjectManager.ToolChainLocation=
PA2.GPIO_Label=US_B_Receive
RCC.LSI_VALUE=32000
VP_SYS_VS_Systick.Signal=SYS_VS_Systick
USART3.IPParameters=VirtualMode,BaudRate
PA10.Signal=USART1_RX
TIM8.Channel-PWM\ Generation2\ CH2=TIM_CHANNEL_2
PC11.Mode=Asynchronous
TIM8.Prescaler=16-1
NVIC.BusFault_IRQn=true\:0\:0\:false\:false\:true\:false\:false
SH.S_TIM2_CH4.ConfNb=1
NVIC.USART1_IRQn=true\:0\:0\:false\:false\:true\:true\:true
ProjectManager.CustomerFirmwarePackage=
VP_TIM3_VS_ClockSourceINT.Mode=Internal
PB3.Locked=true
PA3.Signal=S_TIM2_CH4
PA2.Locked=true
PB3.GPIO_Label=US_Trigger
PA6.GPIOParameters=GPIO_Label
ProjectManager.ProjectFileName=VapaaCruiser.ioc
TIM3.Channel-Input_Capture2_from_TI2=TIM_CHANNEL_2
PA10.Mode=Asynchronous
PC10.GPIO_Label=GPS_TX
Mcu.PinsNb=17
ProjectManager.NoMain=false
PC11.Locked=true
PA9.GPIO_Label=Master_TX
PC11.Signal=USART3_RX
PC6.Signal=S_TIM8_CH1
PC10.Mode=Asynchronous
ProjectManager.DefaultFWLocation=true
ProjectManager.DeletePrevious=true
PC11.GPIOParameters=GPIO_Label
SH.S_TIM3_CH3.0=TIM3_CH3,Input_Capture3_from_TI3
SH.S_TIM8_CH2.0=TIM8_CH2,PWM Generation2 CH2
RCC.FamilyName=M
SH.S_TIM2_CH2.0=TIM2_CH2,Input_Capture2_from_TI2
PA9.Mode=Asynchronous
ProjectManager.TargetToolchain=MDK-ARM V5.27
SH.S_TIM3_CH3.ConfNb=1
PC6.Locked=true
PA9.Signal=USART1_TX
SH.S_TIM2_CH2.ConfNb=1
VP_TIM8_VS_ClockSourceINT.Mode=Internal
VP_TIM3_VS_ClockSourceINT.Signal=TIM3_VS_ClockSourceINT
RCC.LSE_VALUE=32768
PA1.Signal=S_TIM2_CH2
RCC.VCOI2SOutputFreq_Value=192000000
SH.S_TIM3_CH2.0=TIM3_CH2,Input_Capture2_from_TI2
SH.S_TIM8_CH1.0=TIM8_CH1,PWM Generation1 CH1
board=custom
RCC.VCOOutputFreq_Value=192000000
ProjectManager.LastFirmware=true
NVIC.TIM3_IRQn=true\:0\:0\:false\:false\:true\:true\:true
RCC.APB2Freq_Value=16000000
MxCube.Version=5.6.0
VP_TIM2_VS_ClockSourceINT.Mode=Internal
SH.S_TIM2_CH3.0=TIM2_CH3,Input_Capture3_from_TI3
PA1.GPIO_Label=US_LB_Receive
PA10.GPIOParameters=GPIO_Label
VP_SYS_VS_Systick.Mode=SysTick
TIM3.IPParameters=Channel-Input_Capture1_from_TI1,Prescaler,Period,Channel-Input_Capture2_from_TI2,Channel-Input_Capture3_from_TI3
TIM2.Channel-Input_Capture4_from_TI4=TIM_CHANNEL_4
PA9.Locked=true
NVIC.NonMaskableInt_IRQn=true\:0\:0\:false\:false\:true\:false\:false
SH.S_TIM2_CH3.ConfNb=1
PC10.GPIOParameters=GPIO_Label
TIM2.Period=30000-1
ProjectManager.FreePins=false
RCC.IPParameters=AHBFreq_Value,APB1Freq_Value,APB2Freq_Value,CortexFreq_Value,FamilyName,HSE_VALUE,HSI_VALUE,I2SClocksFreq_Value,LSE_VALUE,LSI_VALUE,PLLCLKFreq_Value,PLLQCLKFreq_Value,RTCFreq_Value,RTCHSEDivFreq_Value,SYSCLKFreq_VALUE,VCOI2SOutputFreq_Value,VCOInputFreq_Value,VCOOutputFreq_Value,VcooutputI2S
ProjectManager.AskForMigrate=true
Mcu.Name=STM32F405RGTx
RCC.RTCHSEDivFreq_Value=12500000
PA2.Signal=S_TIM2_CH3
ProjectManager.UnderRoot=false
TIM8.Period=20000-1
PC7.GPIO_Label=Motor_Turn
Mcu.IP6=USART1
Mcu.IP7=USART3
ProjectManager.CoupleFile=false
PB3.Signal=GPIO_Output
RCC.SYSCLKFreq_VALUE=16000000
PA1.Locked=true
PA7.GPIO_Label=US_F_Receive
PA3.Locked=true
PA10.Locked=true
NVIC.ForceEnableDMAVector=true
KeepUserPlacement=false
USART3.VirtualMode=VM_ASYNC
NVIC.MemoryManagement_IRQn=true\:0\:0\:false\:false\:true\:false\:false
USART1.VirtualMode=VM_ASYNC
ProjectManager.CompilerOptimize=6
ProjectManager.HeapSize=0x200
Mcu.Pin15=VP_TIM3_VS_ClockSourceINT
NVIC.HardFault_IRQn=true\:0\:0\:false\:false\:true\:false\:false
Mcu.Pin16=VP_TIM8_VS_ClockSourceINT
SH.S_TIM2_CH4.0=TIM2_CH4,Input_Capture4_from_TI4
Mcu.Pin13=VP_SYS_VS_Systick
PC6.GPIOParameters=GPIO_Label
Mcu.Pin14=VP_TIM2_VS_ClockSourceINT
SH.S_TIM3_CH1.ConfNb=1
ProjectManager.ComputerToolchain=false
RCC.HSI_VALUE=16000000
NVIC.PriorityGroup=NVIC_PRIORITYGROUP_4
Mcu.Pin11=PC11
Mcu.Pin12=PB3
Mcu.Pin10=PC10
RCC.APB1Freq_Value=16000000
PB0.Signal=S_TIM3_CH3
PA7.GPIOParameters=GPIO_Label
ProjectManager.DeviceId=STM32F405RGTx
SH.S_TIM8_CH2.ConfNb=1
ProjectManager.LibraryCopy=1
PA3.GPIO_Label=US_RB_Receive
PA7.Signal=S_TIM3_CH2
PA6.Locked=true
